
Microsoft Visual Studio Solution File, Format Version 12.00
# Visual Studio Version 17
VisualStudioVersion = 17.6.33723.286
MinimumVisualStudioVersion = 10.0.40219.1
Project("{9A19103F-16F7-4668-BE54-9A1E7A4F7556}") = "job-coaching-blazor-server", "job-coaching-blazor-server\job-coaching-blazor-server.csproj", "{EB2821E4-6430-4CE9-86EB-EC2C860C245E}"
EndProject
Global
	GlobalSection(SolutionConfigurationPlatforms) = preSolution
		Debug|Any CPU = Debug|Any CPU
		Release|Any CPU = Release|Any CPU
	EndGlobalSection
	GlobalSection(ProjectConfigurationPlatforms) = postSolution
		{EB2821E4-6430-4CE9-86EB-EC2C860C245E}.Debug|Any CPU.ActiveCfg = Debug|Any CPU
		{EB2821E4-6430-4CE9-86EB-EC2C860C245E}.Debug|Any CPU.Build.0 = Debug|Any CPU
		{EB2821E4-6430-4CE9-86EB-EC2C860C245E}.Release|Any CPU.ActiveCfg = Release|Any CPU
		{EB2821E4-6430-4CE9-86EB-EC2C860C245E}.Release|Any CPU.Build.0 = Release|Any CPU
	EndGlobalSection
	GlobalSection(SolutionProperties) = preSolution
		HideSolutionNode = FALSE
	EndGlobalSection
	GlobalSection(ExtensibilityGlobals) = postSolution
		SolutionGuid = {CCBAEC67-4E42-4E84-8109-2802B21839D6}
	EndGlobalSection
EndGlobal
